{
  "name": "backlog-hltb-api",
  "version": "1.0.0",
  "lockfileVersion": 3,
  "requires": true,
  "packages": {
    "": {
      "name": "backlog-hltb-api",
      "version": "1.0.0",
      "dependencies": {
        "howlongtobeat-ts": "^1.1.1"
      }
    },
    "node_modules/howlongtobeat-ts": {
      "version": "1.1.1",
      "resolved": "https://registry.npmjs.org/howlongtobeat-ts/-/howlongtobeat-ts-1.1.1.tgz",
      "integrity": "sha512-LKnGt+QoGh5RMx/sIHkJs1OfrGzs0MTRy2kdysu69dtGy+4q2DGRLx5bsbmuiOudKnXctfFfbCOtoyxkSZxnFA==",
      "license": "MIT",
      "dependencies": {
        "user-agents": "^1.1.481"
      }
    },
    "node_modules/user-agents": {
      "version": "1.1.675",
      "resolved": "https://registry.npmjs.org/user-agents/-/user-agents-1.1.675.tgz",
      "integrity": "sha512-ZQnegGfKf083joYjEZuLgjJtpDHW5IhOXWCw/25yx82ZvctDcYp/PQsWNShH4Dq00SuDYaPm0qndVBn6axBpvA==",
      "license": "BSD-2-Clause",
      "engines": {
        "node": ">=18"
      }
    }
  }
}
